
Microsoft Visual Studio Solution File, Format Version 12.00
# Visual Studio Version 16
VisualStudioVersion = 16.0.30621.155
MinimumVisualStudioVersion = 10.0.40219.1
Project("{8BC9CEB8-8B4A-11D0-8D11-00A0C91BC942}") = "ModelCopy", "ModelCopy\ModelCopy.vcxproj", "{31FF86B6-D512-4B42-AABE-15D6C2BC5244}"
EndProject
Global
	GlobalSection(SolutionConfigurationPlatforms) = preSolution
		Debug|x64 = Debug|x64
		Debug|x86 = Debug|x86
		Release|x64 = Release|x64
		Release|x86 = Release|x86
	EndGlobalSection
	GlobalSection(ProjectConfigurationPlatforms) = postSolution
		{31FF86B6-D512-4B42-AABE-15D6C2BC5244}.Debug|x64.ActiveCfg = Debug|x64
		{31FF86B6-D512-4B42-AABE-15D6C2BC5244}.Debug|x64.Build.0 = Debug|x64
		{31FF86B6-D512-4B42-AABE-15D6C2BC5244}.Debug|x86.ActiveCfg = Debug|Win32
		{31FF86B6-D512-4B42-AABE-15D6C2BC5244}.Debug|x86.Build.0 = Debug|Win32
		{31FF86B6-D512-4B42-AABE-15D6C2BC5244}.Release|x64.ActiveCfg = Release|x64
		{31FF86B6-D512-4B42-AABE-15D6C2BC5244}.Release|x64.Build.0 = Release|x64
		{31FF86B6-D512-4B42-AABE-15D6C2BC5244}.Release|x86.ActiveCfg = Release|Win32
		{31FF86B6-D512-4B42-AABE-15D6C2BC5244}.Release|x86.Build.0 = Release|Win32
	EndGlobalSection
	GlobalSection(SolutionProperties) = preSolution
		HideSolutionNode = FALSE
	EndGlobalSection
	GlobalSection(ExtensibilityGlobals) = postSolution
		SolutionGuid = {43B96298-7DD4-4014-A88A-AB93C2712FD8}
	EndGlobalSection
EndGlobal
